
Microsoft Visual Studio Solution File, Format Version 12.00
# Visual Studio Version 17
VisualStudioVersion = 17.1.32210.238
MinimumVisualStudioVersion = 10.0.40219.1
Project("{FAE04EC0-301F-11D3-BF4B-00C04F79EFBC}") = "Day19Project3", "Day19Project3\Day19Project3.csproj", "{6C102E00-70B8-4C01-A3EC-3497473DD702}"
EndProject
Global
	GlobalSection(SolutionConfigurationPlatforms) = preSolution
		Debug|Any CPU = Debug|Any CPU
		Release|Any CPU = Release|Any CPU
	EndGlobalSection
	GlobalSection(ProjectConfigurationPlatforms) = postSolution
		{6C102E00-70B8-4C01-A3EC-3497473DD702}.Debug|Any CPU.ActiveCfg = Debug|Any CPU
		{6C102E00-70B8-4C01-A3EC-3497473DD702}.Debug|Any CPU.Build.0 = Debug|Any CPU
		{6C102E00-70B8-4C01-A3EC-3497473DD702}.Release|Any CPU.ActiveCfg = Release|Any CPU
		{6C102E00-70B8-4C01-A3EC-3497473DD702}.Release|Any CPU.Build.0 = Release|Any CPU
	EndGlobalSection
	GlobalSection(SolutionProperties) = preSolution
		HideSolutionNode = FALSE
	EndGlobalSection
	GlobalSection(ExtensibilityGlobals) = postSolution
		SolutionGuid = {B3C6C92C-61CB-4A44-84C2-9DD96133A462}
	EndGlobalSection
EndGlobal
