
Microsoft Visual Studio Solution File, Format Version 12.00
# Visual Studio Version 17
VisualStudioVersion = 17.0.32126.317
MinimumVisualStudioVersion = 10.0.40219.1
Project("{FAE04EC0-301F-11D3-BF4B-00C04F79EFBC}") = "Day16Project10", "Day16Project10\Day16Project10.csproj", "{EE29BDFE-A1AE-45C3-B7D1-AD0CC71E9265}"
EndProject
Global
	GlobalSection(SolutionConfigurationPlatforms) = preSolution
		Debug|Any CPU = Debug|Any CPU
		Release|Any CPU = Release|Any CPU
	EndGlobalSection
	GlobalSection(ProjectConfigurationPlatforms) = postSolution
		{EE29BDFE-A1AE-45C3-B7D1-AD0CC71E9265}.Debug|Any CPU.ActiveCfg = Debug|Any CPU
		{EE29BDFE-A1AE-45C3-B7D1-AD0CC71E9265}.Debug|Any CPU.Build.0 = Debug|Any CPU
		{EE29BDFE-A1AE-45C3-B7D1-AD0CC71E9265}.Release|Any CPU.ActiveCfg = Release|Any CPU
		{EE29BDFE-A1AE-45C3-B7D1-AD0CC71E9265}.Release|Any CPU.Build.0 = Release|Any CPU
	EndGlobalSection
	GlobalSection(SolutionProperties) = preSolution
		HideSolutionNode = FALSE
	EndGlobalSection
	GlobalSection(ExtensibilityGlobals) = postSolution
		SolutionGuid = {80925B60-810B-42D9-8DE0-06728FCC3C27}
	EndGlobalSection
EndGlobal
