
Microsoft Visual Studio Solution File, Format Version 12.00
# Visual Studio Version 17
VisualStudioVersion = 17.0.32126.317
MinimumVisualStudioVersion = 10.0.40219.1
Project("{FAE04EC0-301F-11D3-BF4B-00C04F79EFBC}") = "JoshnaLibrary", "JoshnaLibrary\JoshnaLibrary.csproj", "{5DC9D7BA-C162-4390-ADAF-F3BA8F14AA0D}"
EndProject
Project("{FAE04EC0-301F-11D3-BF4B-00C04F79EFBC}") = "Day16Project10", "Day16Project10\Day16Project10.csproj", "{CE96948C-8E0E-4685-8816-E8DAB957613B}"
EndProject
Global
	GlobalSection(SolutionConfigurationPlatforms) = preSolution
		Debug|Any CPU = Debug|Any CPU
		Release|Any CPU = Release|Any CPU
	EndGlobalSection
	GlobalSection(ProjectConfigurationPlatforms) = postSolution
		{5DC9D7BA-C162-4390-ADAF-F3BA8F14AA0D}.Debug|Any CPU.ActiveCfg = Debug|Any CPU
		{5DC9D7BA-C162-4390-ADAF-F3BA8F14AA0D}.Debug|Any CPU.Build.0 = Debug|Any CPU
		{5DC9D7BA-C162-4390-ADAF-F3BA8F14AA0D}.Release|Any CPU.ActiveCfg = Release|Any CPU
		{5DC9D7BA-C162-4390-ADAF-F3BA8F14AA0D}.Release|Any CPU.Build.0 = Release|Any CPU
		{CE96948C-8E0E-4685-8816-E8DAB957613B}.Debug|Any CPU.ActiveCfg = Debug|Any CPU
		{CE96948C-8E0E-4685-8816-E8DAB957613B}.Debug|Any CPU.Build.0 = Debug|Any CPU
		{CE96948C-8E0E-4685-8816-E8DAB957613B}.Release|Any CPU.ActiveCfg = Release|Any CPU
		{CE96948C-8E0E-4685-8816-E8DAB957613B}.Release|Any CPU.Build.0 = Release|Any CPU
	EndGlobalSection
	GlobalSection(SolutionProperties) = preSolution
		HideSolutionNode = FALSE
	EndGlobalSection
	GlobalSection(ExtensibilityGlobals) = postSolution
		SolutionGuid = {A4EB3C0B-CF28-4370-A41F-64584A84DD49}
	EndGlobalSection
EndGlobal
