
Microsoft Visual Studio Solution File, Format Version 12.00
# Visual Studio Version 17
VisualStudioVersion = 17.1.32210.238
MinimumVisualStudioVersion = 10.0.40219.1
Project("{FAE04EC0-301F-11D3-BF4B-00C04F79EFBC}") = "Day19Project1", "Day19Project1\Day19Project1.csproj", "{DB5832A8-120C-49C3-B2B7-3E5DB034B99D}"
EndProject
Global
	GlobalSection(SolutionConfigurationPlatforms) = preSolution
		Debug|Any CPU = Debug|Any CPU
		Release|Any CPU = Release|Any CPU
	EndGlobalSection
	GlobalSection(ProjectConfigurationPlatforms) = postSolution
		{DB5832A8-120C-49C3-B2B7-3E5DB034B99D}.Debug|Any CPU.ActiveCfg = Debug|Any CPU
		{DB5832A8-120C-49C3-B2B7-3E5DB034B99D}.Debug|Any CPU.Build.0 = Debug|Any CPU
		{DB5832A8-120C-49C3-B2B7-3E5DB034B99D}.Release|Any CPU.ActiveCfg = Release|Any CPU
		{DB5832A8-120C-49C3-B2B7-3E5DB034B99D}.Release|Any CPU.Build.0 = Release|Any CPU
	EndGlobalSection
	GlobalSection(SolutionProperties) = preSolution
		HideSolutionNode = FALSE
	EndGlobalSection
	GlobalSection(ExtensibilityGlobals) = postSolution
		SolutionGuid = {DBE94781-B7EE-4337-A7DB-6989E7C72019}
	EndGlobalSection
EndGlobal
