
Microsoft Visual Studio Solution File, Format Version 12.00
# Visual Studio Version 17
VisualStudioVersion = 17.0.32126.317
MinimumVisualStudioVersion = 10.0.40219.1
Project("{FAE04EC0-301F-11D3-BF4B-00C04F79EFBC}") = "Day-15 Project 2", "Day-15 Project 2\Day-15 Project 2.csproj", "{E01C26FD-4468-4568-9029-93B573DFFBF7}"
EndProject
Global
	GlobalSection(SolutionConfigurationPlatforms) = preSolution
		Debug|Any CPU = Debug|Any CPU
		Release|Any CPU = Release|Any CPU
	EndGlobalSection
	GlobalSection(ProjectConfigurationPlatforms) = postSolution
		{E01C26FD-4468-4568-9029-93B573DFFBF7}.Debug|Any CPU.ActiveCfg = Debug|Any CPU
		{E01C26FD-4468-4568-9029-93B573DFFBF7}.Debug|Any CPU.Build.0 = Debug|Any CPU
		{E01C26FD-4468-4568-9029-93B573DFFBF7}.Release|Any CPU.ActiveCfg = Release|Any CPU
		{E01C26FD-4468-4568-9029-93B573DFFBF7}.Release|Any CPU.Build.0 = Release|Any CPU
	EndGlobalSection
	GlobalSection(SolutionProperties) = preSolution
		HideSolutionNode = FALSE
	EndGlobalSection
	GlobalSection(ExtensibilityGlobals) = postSolution
		SolutionGuid = {10E1A590-5D6F-4767-8399-B19929A55CB0}
	EndGlobalSection
EndGlobal
