
Microsoft Visual Studio Solution File, Format Version 12.00
# Visual Studio Version 17
VisualStudioVersion = 17.1.32210.238
MinimumVisualStudioVersion = 10.0.40219.1
Project("{FAE04EC0-301F-11D3-BF4B-00C04F79EFBC}") = "Day19Project2", "Day19Project2\Day19Project2.csproj", "{4933D649-9E1C-4694-AB28-40A38A86717B}"
EndProject
Global
	GlobalSection(SolutionConfigurationPlatforms) = preSolution
		Debug|Any CPU = Debug|Any CPU
		Release|Any CPU = Release|Any CPU
	EndGlobalSection
	GlobalSection(ProjectConfigurationPlatforms) = postSolution
		{4933D649-9E1C-4694-AB28-40A38A86717B}.Debug|Any CPU.ActiveCfg = Debug|Any CPU
		{4933D649-9E1C-4694-AB28-40A38A86717B}.Debug|Any CPU.Build.0 = Debug|Any CPU
		{4933D649-9E1C-4694-AB28-40A38A86717B}.Release|Any CPU.ActiveCfg = Release|Any CPU
		{4933D649-9E1C-4694-AB28-40A38A86717B}.Release|Any CPU.Build.0 = Release|Any CPU
	EndGlobalSection
	GlobalSection(SolutionProperties) = preSolution
		HideSolutionNode = FALSE
	EndGlobalSection
	GlobalSection(ExtensibilityGlobals) = postSolution
		SolutionGuid = {0B3F8AE0-CA69-4001-A5A1-32BD28616F8A}
	EndGlobalSection
EndGlobal
